
Microsoft Visual Studio Solution File, Format Version 12.00
# Visual Studio 2013
VisualStudioVersion = 12.0.30723.0
MinimumVisualStudioVersion = 10.0.40219.1
Project("{FAE04EC0-301F-11D3-BF4B-00C04F79EFBC}") = "FiveMinuteMeeting.Droid", "FiveMinuteMeeting.Droid\FiveMinuteMeeting.Droid.csproj", "{023B72BA-F1A6-498A-A2AE-FEEAB7384234}"
EndProject
Project("{FAE04EC0-301F-11D3-BF4B-00C04F79EFBC}") = "FiveMinuteMeeting.iOS", "FiveMinuteMeeting.iOS\FiveMinuteMeeting.iOS.csproj", "{01BD0C12-CB5B-4AE8-85F8-9B0545968ACE}"
EndProject
Project("{D954291E-2A0B-460D-934E-DC6B0785DB48}") = "FiveMinuteMeeting.Shared", "FiveMinuteMeeting.Shared\FiveMinuteMeeting.Shared.shproj", "{A15A7F29-E74E-487F-9FF7-EB980C564899}"
EndProject
Global
	GlobalSection(SharedMSBuildProjectFiles) = preSolution
		FiveMinuteMeeting.Shared\FiveMinuteMeeting.Shared.projitems*{a15a7f29-e74e-487f-9ff7-eb980c564899}*SharedItemsImports = 13
		FiveMinuteMeeting.Shared\FiveMinuteMeeting.Shared.projitems*{023b72ba-f1a6-498a-a2ae-feeab7384234}*SharedItemsImports = 4
		FiveMinuteMeeting.Shared\FiveMinuteMeeting.Shared.projitems*{01bd0c12-cb5b-4ae8-85f8-9b0545968ace}*SharedItemsImports = 4
	EndGlobalSection
	GlobalSection(SolutionConfigurationPlatforms) = preSolution
		Ad-Hoc|Any CPU = Ad-Hoc|Any CPU
		Ad-Hoc|iPhone = Ad-Hoc|iPhone
		Ad-Hoc|iPhoneSimulator = Ad-Hoc|iPhoneSimulator
		Ad-Hoc|Mixed Platforms = Ad-Hoc|Mixed Platforms
		AppStore|Any CPU = AppStore|Any CPU
		AppStore|iPhone = AppStore|iPhone
		AppStore|iPhoneSimulator = AppStore|iPhoneSimulator
		AppStore|Mixed Platforms = AppStore|Mixed Platforms
		Debug|Any CPU = Debug|Any CPU
		Debug|iPhone = Debug|iPhone
		Debug|iPhoneSimulator = Debug|iPhoneSimulator
		Debug|Mixed Platforms = Debug|Mixed Platforms
		Release|Any CPU = Release|Any CPU
		Release|iPhone = Release|iPhone
		Release|iPhoneSimulator = Release|iPhoneSimulator
		Release|Mixed Platforms = Release|Mixed Platforms
	EndGlobalSection
	GlobalSection(ProjectConfigurationPlatforms) = postSolution
		{023B72BA-F1A6-498A-A2AE-FEEAB7384234}.Ad-Hoc|Any CPU.ActiveCfg = Release|Any CPU
		{023B72BA-F1A6-498A-A2AE-FEEAB7384234}.Ad-Hoc|Any CPU.Build.0 = Release|Any CPU
		{023B72BA-F1A6-498A-A2AE-FEEAB7384234}.Ad-Hoc|Any CPU.Deploy.0 = Release|Any CPU
		{023B72BA-F1A6-498A-A2AE-FEEAB7384234}.Ad-Hoc|iPhone.ActiveCfg = Release|Any CPU
		{023B72BA-F1A6-498A-A2AE-FEEAB7384234}.Ad-Hoc|iPhoneSimulator.ActiveCfg = Release|Any CPU
		{023B72BA-F1A6-498A-A2AE-FEEAB7384234}.Ad-Hoc|Mixed Platforms.ActiveCfg = Release|Any CPU
		{023B72BA-F1A6-498A-A2AE-FEEAB7384234}.Ad-Hoc|Mixed Platforms.Build.0 = Release|Any CPU
		{023B72BA-F1A6-498A-A2AE-FEEAB7384234}.Ad-Hoc|Mixed Platforms.Deploy.0 = Release|Any CPU
		{023B72BA-F1A6-498A-A2AE-FEEAB7384234}.AppStore|Any CPU.ActiveCfg = Release|Any CPU
		{023B72BA-F1A6-498A-A2AE-FEEAB7384234}.AppStore|Any CPU.Build.0 = Release|Any CPU
		{023B72BA-F1A6-498A-A2AE-FEEAB7384234}.AppStore|Any CPU.Deploy.0 = Release|Any CPU
		{023B72BA-F1A6-498A-A2AE-FEEAB7384234}.AppStore|iPhone.ActiveCfg = Release|Any CPU
		{023B72BA-F1A6-498A-A2AE-FEEAB7384234}.AppStore|iPhoneSimulator.ActiveCfg = Release|Any CPU
		{023B72BA-F1A6-498A-A2AE-FEEAB7384234}.AppStore|Mixed Platforms.ActiveCfg = Release|Any CPU
		{023B72BA-F1A6-498A-A2AE-FEEAB7384234}.AppStore|Mixed Platforms.Build.0 = Release|Any CPU
		{023B72BA-F1A6-498A-A2AE-FEEAB7384234}.AppStore|Mixed Platforms.Deploy.0 = Release|Any CPU
		{023B72BA-F1A6-498A-A2AE-FEEAB7384234}.Debug|Any CPU.ActiveCfg = Debug|Any CPU
		{023B72BA-F1A6-498A-A2AE-FEEAB7384234}.Debug|Any CPU.Build.0 = Debug|Any CPU
		{023B72BA-F1A6-498A-A2AE-FEEAB7384234}.Debug|Any CPU.Deploy.0 = Debug|Any CPU
		{023B72BA-F1A6-498A-A2AE-FEEAB7384234}.Debug|iPhone.ActiveCfg = Debug|Any CPU
		{023B72BA-F1A6-498A-A2AE-FEEAB7384234}.Debug|iPhone.Build.0 = Debug|Any CPU
		{023B72BA-F1A6-498A-A2AE-FEEAB7384234}.Debug|iPhone.Deploy.0 = Debug|Any CPU
		{023B72BA-F1A6-498A-A2AE-FEEAB7384234}.Debug|iPhoneSimulator.ActiveCfg = Debug|Any CPU
		{023B72BA-F1A6-498A-A2AE-FEEAB7384234}.Debug|iPhoneSimulator.Build.0 = Debug|Any CPU
		{023B72BA-F1A6-498A-A2AE-FEEAB7384234}.Debug|iPhoneSimulator.Deploy.0 = Debug|Any CPU
		{023B72BA-F1A6-498A-A2AE-FEEAB7384234}.Debug|Mixed Platforms.ActiveCfg = Debug|Any CPU
		{023B72BA-F1A6-498A-A2AE-FEEAB7384234}.Debug|Mixed Platforms.Build.0 = Debug|Any CPU
		{023B72BA-F1A6-498A-A2AE-FEEAB7384234}.Debug|Mixed Platforms.Deploy.0 = Debug|Any CPU
		{023B72BA-F1A6-498A-A2AE-FEEAB7384234}.Release|Any CPU.ActiveCfg = Release|Any CPU
		{023B72BA-F1A6-498A-A2AE-FEEAB7384234}.Release|Any CPU.Build.0 = Release|Any CPU
		{023B72BA-F1A6-498A-A2AE-FEEAB7384234}.Release|Any CPU.Deploy.0 = Release|Any CPU
		{023B72BA-F1A6-498A-A2AE-FEEAB7384234}.Release|iPhone.ActiveCfg = Release|Any CPU
		{023B72BA-F1A6-498A-A2AE-FEEAB7384234}.Release|iPhoneSimulator.ActiveCfg = Release|Any CPU
		{023B72BA-F1A6-498A-A2AE-FEEAB7384234}.Release|Mixed Platforms.ActiveCfg = Release|Any CPU
		{023B72BA-F1A6-498A-A2AE-FEEAB7384234}.Release|Mixed Platforms.Build.0 = Release|Any CPU
		{023B72BA-F1A6-498A-A2AE-FEEAB7384234}.Release|Mixed Platforms.Deploy.0 = Release|Any CPU
		{01BD0C12-CB5B-4AE8-85F8-9B0545968ACE}.Ad-Hoc|Any CPU.ActiveCfg = Ad-Hoc|iPhone
		{01BD0C12-CB5B-4AE8-85F8-9B0545968ACE}.Ad-Hoc|iPhone.ActiveCfg = Ad-Hoc|iPhone
		{01BD0C12-CB5B-4AE8-85F8-9B0545968ACE}.Ad-Hoc|iPhone.Build.0 = Ad-Hoc|iPhone
		{01BD0C12-CB5B-4AE8-85F8-9B0545968ACE}.Ad-Hoc|iPhoneSimulator.ActiveCfg = Ad-Hoc|iPhoneSimulator
		{01BD0C12-CB5B-4AE8-85F8-9B0545968ACE}.Ad-Hoc|iPhoneSimulator.Build.0 = Ad-Hoc|iPhoneSimulator
		{01BD0C12-CB5B-4AE8-85F8-9B0545968ACE}.Ad-Hoc|Mixed Platforms.ActiveCfg = Ad-Hoc|iPhone
		{01BD0C12-CB5B-4AE8-85F8-9B0545968ACE}.Ad-Hoc|Mixed Platforms.Build.0 = Ad-Hoc|iPhone
		{01BD0C12-CB5B-4AE8-85F8-9B0545968ACE}.AppStore|Any CPU.ActiveCfg = AppStore|iPhone
		{01BD0C12-CB5B-4AE8-85F8-9B0545968ACE}.AppStore|iPhone.ActiveCfg = AppStore|iPhone
		{01BD0C12-CB5B-4AE8-85F8-9B0545968ACE}.AppStore|iPhone.Build.0 = AppStore|iPhone
		{01BD0C12-CB5B-4AE8-85F8-9B0545968ACE}.AppStore|iPhoneSimulator.ActiveCfg = AppStore|iPhoneSimulator
		{01BD0C12-CB5B-4AE8-85F8-9B0545968ACE}.AppStore|iPhoneSimulator.Build.0 = AppStore|iPhoneSimulator
		{01BD0C12-CB5B-4AE8-85F8-9B0545968ACE}.AppStore|Mixed Platforms.ActiveCfg = AppStore|iPhone
		{01BD0C12-CB5B-4AE8-85F8-9B0545968ACE}.AppStore|Mixed Platforms.Build.0 = AppStore|iPhone
		{01BD0C12-CB5B-4AE8-85F8-9B0545968ACE}.Debug|Any CPU.ActiveCfg = Debug|iPhone
		{01BD0C12-CB5B-4AE8-85F8-9B0545968ACE}.Debug|Any CPU.Build.0 = Debug|iPhone
		{01BD0C12-CB5B-4AE8-85F8-9B0545968ACE}.Debug|iPhone.ActiveCfg = Debug|iPhone
		{01BD0C12-CB5B-4AE8-85F8-9B0545968ACE}.Debug|iPhone.Build.0 = Debug|iPhone
		{01BD0C12-CB5B-4AE8-85F8-9B0545968ACE}.Debug|iPhoneSimulator.ActiveCfg = Debug|iPhoneSimulator
		{01BD0C12-CB5B-4AE8-85F8-9B0545968ACE}.Debug|iPhoneSimulator.Build.0 = Debug|iPhoneSimulator
		{01BD0C12-CB5B-4AE8-85F8-9B0545968ACE}.Debug|Mixed Platforms.ActiveCfg = Debug|iPhoneSimulator
		{01BD0C12-CB5B-4AE8-85F8-9B0545968ACE}.Debug|Mixed Platforms.Build.0 = Debug|iPhoneSimulator
		{01BD0C12-CB5B-4AE8-85F8-9B0545968ACE}.Release|Any CPU.ActiveCfg = Release|iPhone
		{01BD0C12-CB5B-4AE8-85F8-9B0545968ACE}.Release|iPhone.ActiveCfg = Release|iPhone
		{01BD0C12-CB5B-4AE8-85F8-9B0545968ACE}.Release|iPhone.Build.0 = Release|iPhone
		{01BD0C12-CB5B-4AE8-85F8-9B0545968ACE}.Release|iPhoneSimulator.ActiveCfg = Release|iPhoneSimulator
		{01BD0C12-CB5B-4AE8-85F8-9B0545968ACE}.Release|iPhoneSimulator.Build.0 = Release|iPhoneSimulator
		{01BD0C12-CB5B-4AE8-85F8-9B0545968ACE}.Release|Mixed Platforms.ActiveCfg = Release|iPhone
		{01BD0C12-CB5B-4AE8-85F8-9B0545968ACE}.Release|Mixed Platforms.Build.0 = Release|iPhone
	EndGlobalSection
	GlobalSection(SolutionProperties) = preSolution
		HideSolutionNode = FALSE
	EndGlobalSection
EndGlobal
