
Microsoft Visual Studio Solution File, Format Version 12.00
# Visual Studio 2013
VisualStudioVersion = 12.0.31101.0
MinimumVisualStudioVersion = 10.0.40219.1
Project("{FAE04EC0-301F-11D3-BF4B-00C04F79EFBC}") = "TwilioBot.Web", "TwilioBot.Web\TwilioBot.Web.csproj", "{927213F4-E571-4135-8798-201707AF2E9E}"
EndProject
Global
	GlobalSection(SolutionConfigurationPlatforms) = preSolution
		Debug|Any CPU = Debug|Any CPU
		Release|Any CPU = Release|Any CPU
	EndGlobalSection
	GlobalSection(ProjectConfigurationPlatforms) = postSolution
		{927213F4-E571-4135-8798-201707AF2E9E}.Debug|Any CPU.ActiveCfg = Debug|Any CPU
		{927213F4-E571-4135-8798-201707AF2E9E}.Debug|Any CPU.Build.0 = Debug|Any CPU
		{927213F4-E571-4135-8798-201707AF2E9E}.Release|Any CPU.ActiveCfg = Release|Any CPU
		{927213F4-E571-4135-8798-201707AF2E9E}.Release|Any CPU.Build.0 = Release|Any CPU
	EndGlobalSection
	GlobalSection(SolutionProperties) = preSolution
		HideSolutionNode = FALSE
	EndGlobalSection
EndGlobal
